
Microsoft Visual Studio Solution File, Format Version 12.00
# Visual Studio Version 16
VisualStudioVersion = 16.0.31624.102
MinimumVisualStudioVersion = 10.0.40219.1
Project("{9092AA53-FB77-4645-B42D-1CCCA6BD08BD}") = "101278670_assignment2_backend", "101278670_assignment2_backend\101278670_assignment2_backend.njsproj", "{BAB74844-BB7B-4AB3-8158-10D8F289C249}"
EndProject
Global
	GlobalSection(SolutionConfigurationPlatforms) = preSolution
		Debug|Any CPU = Debug|Any CPU
		Release|Any CPU = Release|Any CPU
	EndGlobalSection
	GlobalSection(ProjectConfigurationPlatforms) = postSolution
		{BAB74844-BB7B-4AB3-8158-10D8F289C249}.Debug|Any CPU.ActiveCfg = Debug|Any CPU
		{BAB74844-BB7B-4AB3-8158-10D8F289C249}.Debug|Any CPU.Build.0 = Debug|Any CPU
		{BAB74844-BB7B-4AB3-8158-10D8F289C249}.Release|Any CPU.ActiveCfg = Release|Any CPU
		{BAB74844-BB7B-4AB3-8158-10D8F289C249}.Release|Any CPU.Build.0 = Release|Any CPU
	EndGlobalSection
	GlobalSection(SolutionProperties) = preSolution
		HideSolutionNode = FALSE
	EndGlobalSection
	GlobalSection(ExtensibilityGlobals) = postSolution
		SolutionGuid = {880BD82D-F2FF-48CA-8CC2-359A6A8E5348}
	EndGlobalSection
EndGlobal
